
Microsoft Visual Studio Solution File, Format Version 12.00
# Visual Studio Version 17
VisualStudioVersion = 17.0.31903.59
MinimumVisualStudioVersion = 10.0.40219.1
Project("{2150E333-8FDC-42A3-9474-1A3956D46DE8}") = "Products", "Products", "{A9ADFCE9-F8CA-43FB-AB57-15FF22B0FCC9}"
EndProject
Project("{2150E333-8FDC-42A3-9474-1A3956D46DE8}") = "Gather.Products.Api", "Gather.Products.Api", "{972B6B71-1243-4491-845C-BB9E9C8C28EC}"
EndProject
Project("{9A19103F-16F7-4668-BE54-9A1E7A4F7556}") = "Gather.Products.Api", "Products\Gather.Products.Api\Gather.Products.Api\Gather.Products.Api.csproj", "{C612F7AF-E18A-484B-B857-3704AE004AA7}"
EndProject
Project("{9A19103F-16F7-4668-BE54-9A1E7A4F7556}") = "Gather.Products.Api.Tests", "Products\Gather.Products.Api\Gather.Products.Api.Tests\Gather.Products.Api.Tests.csproj", "{45CFDC38-6A79-4615-8A08-B895A268EB35}"
EndProject
Project("{2150E333-8FDC-42A3-9474-1A3956D46DE8}") = "Inventory", "Inventory", "{537C9A64-B70D-4BBD-B68B-FA9CD0202D64}"
EndProject
Project("{2150E333-8FDC-42A3-9474-1A3956D46DE8}") = "Gather.Inventory.App", "Gather.Inventory.App", "{837F933B-47F9-40B8-A8D6-99A93989E172}"
EndProject
Project("{9A19103F-16F7-4668-BE54-9A1E7A4F7556}") = "Gather.Inventory.App.Tests", "Inventory\Gather.Inventory.App\Gather.Inventory.App.Tests\Gather.Inventory.App.Tests.csproj", "{BE940BF4-8CB1-4F8E-8A37-EE7615B46673}"
EndProject
Project("{9A19103F-16F7-4668-BE54-9A1E7A4F7556}") = "Gather.Inventory.App", "Inventory\Gather.Inventory.App\Gather.Inventory.App\Gather.Inventory.App.csproj", "{D9323EFA-5AE1-4425-9E95-1D9684915604}"
EndProject
Global
	GlobalSection(SolutionConfigurationPlatforms) = preSolution
		Debug|Any CPU = Debug|Any CPU
		Release|Any CPU = Release|Any CPU
	EndGlobalSection
	GlobalSection(ProjectConfigurationPlatforms) = postSolution
		{C612F7AF-E18A-484B-B857-3704AE004AA7}.Debug|Any CPU.ActiveCfg = Debug|Any CPU
		{C612F7AF-E18A-484B-B857-3704AE004AA7}.Debug|Any CPU.Build.0 = Debug|Any CPU
		{C612F7AF-E18A-484B-B857-3704AE004AA7}.Release|Any CPU.ActiveCfg = Release|Any CPU
		{C612F7AF-E18A-484B-B857-3704AE004AA7}.Release|Any CPU.Build.0 = Release|Any CPU
		{45CFDC38-6A79-4615-8A08-B895A268EB35}.Debug|Any CPU.ActiveCfg = Debug|Any CPU
		{45CFDC38-6A79-4615-8A08-B895A268EB35}.Debug|Any CPU.Build.0 = Debug|Any CPU
		{45CFDC38-6A79-4615-8A08-B895A268EB35}.Release|Any CPU.ActiveCfg = Release|Any CPU
		{45CFDC38-6A79-4615-8A08-B895A268EB35}.Release|Any CPU.Build.0 = Release|Any CPU
		{BE940BF4-8CB1-4F8E-8A37-EE7615B46673}.Debug|Any CPU.ActiveCfg = Debug|Any CPU
		{BE940BF4-8CB1-4F8E-8A37-EE7615B46673}.Debug|Any CPU.Build.0 = Debug|Any CPU
		{BE940BF4-8CB1-4F8E-8A37-EE7615B46673}.Release|Any CPU.ActiveCfg = Release|Any CPU
		{BE940BF4-8CB1-4F8E-8A37-EE7615B46673}.Release|Any CPU.Build.0 = Release|Any CPU
		{D9323EFA-5AE1-4425-9E95-1D9684915604}.Debug|Any CPU.ActiveCfg = Debug|Any CPU
		{D9323EFA-5AE1-4425-9E95-1D9684915604}.Debug|Any CPU.Build.0 = Debug|Any CPU
		{D9323EFA-5AE1-4425-9E95-1D9684915604}.Release|Any CPU.ActiveCfg = Release|Any CPU
		{D9323EFA-5AE1-4425-9E95-1D9684915604}.Release|Any CPU.Build.0 = Release|Any CPU
	EndGlobalSection
	GlobalSection(SolutionProperties) = preSolution
		HideSolutionNode = FALSE
	EndGlobalSection
	GlobalSection(NestedProjects) = preSolution
		{972B6B71-1243-4491-845C-BB9E9C8C28EC} = {A9ADFCE9-F8CA-43FB-AB57-15FF22B0FCC9}
		{C612F7AF-E18A-484B-B857-3704AE004AA7} = {972B6B71-1243-4491-845C-BB9E9C8C28EC}
		{45CFDC38-6A79-4615-8A08-B895A268EB35} = {972B6B71-1243-4491-845C-BB9E9C8C28EC}
		{837F933B-47F9-40B8-A8D6-99A93989E172} = {537C9A64-B70D-4BBD-B68B-FA9CD0202D64}
		{BE940BF4-8CB1-4F8E-8A37-EE7615B46673} = {837F933B-47F9-40B8-A8D6-99A93989E172}
		{D9323EFA-5AE1-4425-9E95-1D9684915604} = {837F933B-47F9-40B8-A8D6-99A93989E172}
	EndGlobalSection
EndGlobal
